{
  "version": "3",
  "packages": {
    "specifiers": {
      "jsr:@std/cli": "jsr:@std/cli@1.0.0",
      "jsr:@std/json@^1.0.0": "jsr:@std/json@1.0.0",
      "jsr:@std/jsonc": "jsr:@std/jsonc@1.0.1"
    },
    "jsr": {
      "@std/cli@1.0.0": {
        "integrity": "3c38f1da21bff0d25a9e6d97139ef2eb9ba334b5910da92c0169b44f38655f08"
      },
      "@std/json@1.0.0": {
        "integrity": "985c1e544918d42e4e84072fc739ac4a19c3a5093292c99742ffcdd03fb6a268"
      },
      "@std/jsonc@1.0.1": {
        "integrity": "6b36956e2a7cbb08ca5ad7fbec72e661e6217c202f348496ea88747636710dda",
        "dependencies": [
          "jsr:@std/json@^1.0.0"
        ]
      }
    }
  },
  "remote": {}
}
